
Microsoft Visual Studio Solution File, Format Version 12.00
# Visual Studio Version 17
VisualStudioVersion = 17.3.32819.101
MinimumVisualStudioVersion = 10.0.40219.1
Project("{9A19103F-16F7-4668-BE54-9A1E7A4F7556}") = "Telegram.Bot.Example", "Telegram.Bot.Example\Telegram.Bot.Example.csproj", "{8C481667-BFA8-4A31-994A-54EDA2BF402A}"
EndProject
Project("{9A19103F-16F7-4668-BE54-9A1E7A4F7556}") = "Telegram.Bot.Framework", "Telegram.Bot.Framework\Telegram.Bot.Framework.csproj", "{0D0F3100-926F-4152-9749-C92C613A5EE0}"
EndProject
Project("{2150E333-8FDC-42A3-9474-1A3956D46DE8}") = "Doc", "Doc", "{237A0F2B-778D-4A54-9D12-C4E8CE5DA9A0}"
	ProjectSection(SolutionItems) = preProject
		README.md = README.md
	EndProjectSection
EndProject
Project("{2150E333-8FDC-42A3-9474-1A3956D46DE8}") = "Bots", "Bots", "{7E91FAE0-7BC5-4617-8423-B710F5D331E8}"
EndProject
Project("{2150E333-8FDC-42A3-9474-1A3956D46DE8}") = "代码规范", "代码规范", "{90D50F69-23C6-4322-BC9E-DD3B7E6C9CFC}"
	ProjectSection(SolutionItems) = preProject
		.editorconfig = .editorconfig
	EndProjectSection
EndProject
Project("{2150E333-8FDC-42A3-9474-1A3956D46DE8}") = "LICENSE", "LICENSE", "{8995BEC6-B826-41B8-8891-A0FD5A227A67}"
	ProjectSection(SolutionItems) = preProject
		LICENSE = LICENSE
	EndProjectSection
EndProject
Project("{9A19103F-16F7-4668-BE54-9A1E7A4F7556}") = "Telegram.Bot.ChannelManager", "Telegram.Bot.ChannelManager\Telegram.Bot.ChannelManager.csproj", "{03E4C165-4438-444A-BF5C-905B853E4EF3}"
EndProject
Project("{9A19103F-16F7-4668-BE54-9A1E7A4F7556}") = "Telegram.Bot.Framework.Abstracts", "Telegram.Bot.Framework.Abstracts\Telegram.Bot.Framework.Abstracts.csproj", "{428BC3FF-2468-4C57-BE88-AEAAE49E39BE}"
EndProject
Project("{2150E333-8FDC-42A3-9474-1A3956D46DE8}") = "Core Components", "Core Components", "{69A193AD-C2E3-4555-9422-3D6CF783CB5C}"
EndProject
Project("{9A19103F-16F7-4668-BE54-9A1E7A4F7556}") = "Azumo.Pipeline", "Core Components\Azumo.Pipeline\Azumo.Pipeline.csproj", "{3CED3E60-D6A4-41E7-8652-6B250C0821E0}"
EndProject
Project("{9A19103F-16F7-4668-BE54-9A1E7A4F7556}") = "Azumo.Reflection", "Core Components\Azumo.Reflection\Azumo.Reflection.csproj", "{7C3BA719-A69F-441D-A3EC-20589CAEB5D1}"
EndProject
Project("{9A19103F-16F7-4668-BE54-9A1E7A4F7556}") = "Azumo.Utils", "Core Components\Azumo.Utils\Azumo.Utils.csproj", "{22972926-4C32-4155-938A-58398A0324BC}"
EndProject
Project("{9A19103F-16F7-4668-BE54-9A1E7A4F7556}") = "Azumo.ShellGenerate", "Core Components\Azumo.ShellGenerate\Azumo.ShellGenerate.csproj", "{5A2440B2-6921-408C-88CB-C45E0A9E487B}"
EndProject
Project("{9A19103F-16F7-4668-BE54-9A1E7A4F7556}") = "Azumo.Lang", "Azumo.Lang\Azumo.Lang.csproj", "{6B89C613-5076-40BE-A3BB-50D0A8341C9F}"
EndProject
Project("{9A19103F-16F7-4668-BE54-9A1E7A4F7556}") = "MyChannel", "MyChannel\MyChannel.csproj", "{F392F812-0C4A-450D-A7B3-B89EB297C258}"
EndProject
Project("{FAE04EC0-301F-11D3-BF4B-00C04F79EFBC}") = "Telegram.Bot.Framework.UserAuthentication", "Telegram.Bot.Framework.UserAuthentication\Telegram.Bot.Framework.UserAuthentication.csproj", "{6CB6B9BE-8C5E-417D-BE57-D4661FB943D9}"
EndProject
Global
	GlobalSection(SolutionConfigurationPlatforms) = preSolution
		Debug|Any CPU = Debug|Any CPU
		Release|Any CPU = Release|Any CPU
	EndGlobalSection
	GlobalSection(ProjectConfigurationPlatforms) = postSolution
		{8C481667-BFA8-4A31-994A-54EDA2BF402A}.Debug|Any CPU.ActiveCfg = Debug|Any CPU
		{8C481667-BFA8-4A31-994A-54EDA2BF402A}.Debug|Any CPU.Build.0 = Debug|Any CPU
		{8C481667-BFA8-4A31-994A-54EDA2BF402A}.Release|Any CPU.ActiveCfg = Release|Any CPU
		{8C481667-BFA8-4A31-994A-54EDA2BF402A}.Release|Any CPU.Build.0 = Release|Any CPU
		{0D0F3100-926F-4152-9749-C92C613A5EE0}.Debug|Any CPU.ActiveCfg = Debug|Any CPU
		{0D0F3100-926F-4152-9749-C92C613A5EE0}.Debug|Any CPU.Build.0 = Debug|Any CPU
		{0D0F3100-926F-4152-9749-C92C613A5EE0}.Release|Any CPU.ActiveCfg = Release|Any CPU
		{0D0F3100-926F-4152-9749-C92C613A5EE0}.Release|Any CPU.Build.0 = Release|Any CPU
		{03E4C165-4438-444A-BF5C-905B853E4EF3}.Debug|Any CPU.ActiveCfg = Debug|Any CPU
		{03E4C165-4438-444A-BF5C-905B853E4EF3}.Debug|Any CPU.Build.0 = Debug|Any CPU
		{03E4C165-4438-444A-BF5C-905B853E4EF3}.Release|Any CPU.ActiveCfg = Release|Any CPU
		{03E4C165-4438-444A-BF5C-905B853E4EF3}.Release|Any CPU.Build.0 = Release|Any CPU
		{428BC3FF-2468-4C57-BE88-AEAAE49E39BE}.Debug|Any CPU.ActiveCfg = Debug|Any CPU
		{428BC3FF-2468-4C57-BE88-AEAAE49E39BE}.Debug|Any CPU.Build.0 = Debug|Any CPU
		{428BC3FF-2468-4C57-BE88-AEAAE49E39BE}.Release|Any CPU.ActiveCfg = Release|Any CPU
		{428BC3FF-2468-4C57-BE88-AEAAE49E39BE}.Release|Any CPU.Build.0 = Release|Any CPU
		{3CED3E60-D6A4-41E7-8652-6B250C0821E0}.Debug|Any CPU.ActiveCfg = Debug|Any CPU
		{3CED3E60-D6A4-41E7-8652-6B250C0821E0}.Debug|Any CPU.Build.0 = Debug|Any CPU
		{3CED3E60-D6A4-41E7-8652-6B250C0821E0}.Release|Any CPU.ActiveCfg = Release|Any CPU
		{3CED3E60-D6A4-41E7-8652-6B250C0821E0}.Release|Any CPU.Build.0 = Release|Any CPU
		{7C3BA719-A69F-441D-A3EC-20589CAEB5D1}.Debug|Any CPU.ActiveCfg = Debug|Any CPU
		{7C3BA719-A69F-441D-A3EC-20589CAEB5D1}.Debug|Any CPU.Build.0 = Debug|Any CPU
		{7C3BA719-A69F-441D-A3EC-20589CAEB5D1}.Release|Any CPU.ActiveCfg = Release|Any CPU
		{7C3BA719-A69F-441D-A3EC-20589CAEB5D1}.Release|Any CPU.Build.0 = Release|Any CPU
		{22972926-4C32-4155-938A-58398A0324BC}.Debug|Any CPU.ActiveCfg = Debug|Any CPU
		{22972926-4C32-4155-938A-58398A0324BC}.Debug|Any CPU.Build.0 = Debug|Any CPU
		{22972926-4C32-4155-938A-58398A0324BC}.Release|Any CPU.ActiveCfg = Release|Any CPU
		{22972926-4C32-4155-938A-58398A0324BC}.Release|Any CPU.Build.0 = Release|Any CPU
		{5A2440B2-6921-408C-88CB-C45E0A9E487B}.Debug|Any CPU.ActiveCfg = Debug|Any CPU
		{5A2440B2-6921-408C-88CB-C45E0A9E487B}.Debug|Any CPU.Build.0 = Debug|Any CPU
		{5A2440B2-6921-408C-88CB-C45E0A9E487B}.Release|Any CPU.ActiveCfg = Release|Any CPU
		{5A2440B2-6921-408C-88CB-C45E0A9E487B}.Release|Any CPU.Build.0 = Release|Any CPU
		{6B89C613-5076-40BE-A3BB-50D0A8341C9F}.Debug|Any CPU.ActiveCfg = Debug|Any CPU
		{6B89C613-5076-40BE-A3BB-50D0A8341C9F}.Debug|Any CPU.Build.0 = Debug|Any CPU
		{6B89C613-5076-40BE-A3BB-50D0A8341C9F}.Release|Any CPU.ActiveCfg = Release|Any CPU
		{6B89C613-5076-40BE-A3BB-50D0A8341C9F}.Release|Any CPU.Build.0 = Release|Any CPU
		{F392F812-0C4A-450D-A7B3-B89EB297C258}.Debug|Any CPU.ActiveCfg = Debug|Any CPU
		{F392F812-0C4A-450D-A7B3-B89EB297C258}.Debug|Any CPU.Build.0 = Debug|Any CPU
		{F392F812-0C4A-450D-A7B3-B89EB297C258}.Release|Any CPU.ActiveCfg = Release|Any CPU
		{F392F812-0C4A-450D-A7B3-B89EB297C258}.Release|Any CPU.Build.0 = Release|Any CPU
		{6CB6B9BE-8C5E-417D-BE57-D4661FB943D9}.Debug|Any CPU.ActiveCfg = Debug|Any CPU
		{6CB6B9BE-8C5E-417D-BE57-D4661FB943D9}.Debug|Any CPU.Build.0 = Debug|Any CPU
		{6CB6B9BE-8C5E-417D-BE57-D4661FB943D9}.Release|Any CPU.ActiveCfg = Release|Any CPU
		{6CB6B9BE-8C5E-417D-BE57-D4661FB943D9}.Release|Any CPU.Build.0 = Release|Any CPU
	EndGlobalSection
	GlobalSection(SolutionProperties) = preSolution
		HideSolutionNode = FALSE
	EndGlobalSection
	GlobalSection(NestedProjects) = preSolution
		{8C481667-BFA8-4A31-994A-54EDA2BF402A} = {7E91FAE0-7BC5-4617-8423-B710F5D331E8}
		{03E4C165-4438-444A-BF5C-905B853E4EF3} = {7E91FAE0-7BC5-4617-8423-B710F5D331E8}
		{3CED3E60-D6A4-41E7-8652-6B250C0821E0} = {69A193AD-C2E3-4555-9422-3D6CF783CB5C}
		{7C3BA719-A69F-441D-A3EC-20589CAEB5D1} = {69A193AD-C2E3-4555-9422-3D6CF783CB5C}
		{22972926-4C32-4155-938A-58398A0324BC} = {69A193AD-C2E3-4555-9422-3D6CF783CB5C}
		{5A2440B2-6921-408C-88CB-C45E0A9E487B} = {69A193AD-C2E3-4555-9422-3D6CF783CB5C}
		{6B89C613-5076-40BE-A3BB-50D0A8341C9F} = {69A193AD-C2E3-4555-9422-3D6CF783CB5C}
		{F392F812-0C4A-450D-A7B3-B89EB297C258} = {7E91FAE0-7BC5-4617-8423-B710F5D331E8}
	EndGlobalSection
	GlobalSection(ExtensibilityGlobals) = postSolution
		SolutionGuid = {F5DA2A38-6563-4A69-B975-3A1E78D88716}
	EndGlobalSection
EndGlobal
