
Microsoft Visual Studio Solution File, Format Version 12.00
# Visual Studio Version 17
VisualStudioVersion = 17.3.32819.101
MinimumVisualStudioVersion = 10.0.40219.1
Project("{9A19103F-16F7-4668-BE54-9A1E7A4F7556}") = "Telegram.Bot.Example", "Telegram.Bot.Example\Telegram.Bot.Example.csproj", "{8C481667-BFA8-4A31-994A-54EDA2BF402A}"
EndProject
Project("{9A19103F-16F7-4668-BE54-9A1E7A4F7556}") = "Telegram.Bot.Framework", "Telegram.Bot.Framework\Telegram.Bot.Framework.csproj", "{0D0F3100-926F-4152-9749-C92C613A5EE0}"
EndProject
Project("{2150E333-8FDC-42A3-9474-1A3956D46DE8}") = "Doc", "Doc", "{237A0F2B-778D-4A54-9D12-C4E8CE5DA9A0}"
	ProjectSection(SolutionItems) = preProject
		README.md = README.md
	EndProjectSection
EndProject
Global
	GlobalSection(SolutionConfigurationPlatforms) = preSolution
		Debug|Any CPU = Debug|Any CPU
		Release|Any CPU = Release|Any CPU
	EndGlobalSection
	GlobalSection(ProjectConfigurationPlatforms) = postSolution
		{8C481667-BFA8-4A31-994A-54EDA2BF402A}.Debug|Any CPU.ActiveCfg = Debug|Any CPU
		{8C481667-BFA8-4A31-994A-54EDA2BF402A}.Debug|Any CPU.Build.0 = Debug|Any CPU
		{8C481667-BFA8-4A31-994A-54EDA2BF402A}.Release|Any CPU.ActiveCfg = Release|Any CPU
		{8C481667-BFA8-4A31-994A-54EDA2BF402A}.Release|Any CPU.Build.0 = Release|Any CPU
		{0D0F3100-926F-4152-9749-C92C613A5EE0}.Debug|Any CPU.ActiveCfg = Debug|Any CPU
		{0D0F3100-926F-4152-9749-C92C613A5EE0}.Debug|Any CPU.Build.0 = Debug|Any CPU
		{0D0F3100-926F-4152-9749-C92C613A5EE0}.Release|Any CPU.ActiveCfg = Release|Any CPU
		{0D0F3100-926F-4152-9749-C92C613A5EE0}.Release|Any CPU.Build.0 = Release|Any CPU
	EndGlobalSection
	GlobalSection(SolutionProperties) = preSolution
		HideSolutionNode = FALSE
	EndGlobalSection
	GlobalSection(ExtensibilityGlobals) = postSolution
		SolutionGuid = {F5DA2A38-6563-4A69-B975-3A1E78D88716}
	EndGlobalSection
EndGlobal
