
Microsoft Visual Studio Solution File, Format Version 12.00
# Visual Studio Version 17
VisualStudioVersion = 17.3.32819.101
MinimumVisualStudioVersion = 10.0.40219.1
Project("{9A19103F-16F7-4668-BE54-9A1E7A4F7556}") = "Telegram.Bot.Example", "Example\Telegram.Bot.Example\Telegram.Bot.Example.csproj", "{8C481667-BFA8-4A31-994A-54EDA2BF402A}"
EndProject
Project("{2150E333-8FDC-42A3-9474-1A3956D46DE8}") = "Doc", "Doc", "{237A0F2B-778D-4A54-9D12-C4E8CE5DA9A0}"
	ProjectSection(SolutionItems) = preProject
		Azumo脚本语言方案.txt = Azumo脚本语言方案.txt
		README.md = README.md
	EndProjectSection
EndProject
Project("{2150E333-8FDC-42A3-9474-1A3956D46DE8}") = "代码规范", "代码规范", "{90D50F69-23C6-4322-BC9E-DD3B7E6C9CFC}"
	ProjectSection(SolutionItems) = preProject
		.editorconfig = .editorconfig
	EndProjectSection
EndProject
Project("{2150E333-8FDC-42A3-9474-1A3956D46DE8}") = "LICENSE", "LICENSE", "{8995BEC6-B826-41B8-8891-A0FD5A227A67}"
	ProjectSection(SolutionItems) = preProject
		LICENSE = LICENSE
	EndProjectSection
EndProject
Project("{2150E333-8FDC-42A3-9474-1A3956D46DE8}") = "Example", "Example", "{94B276AC-369D-4462-B4B8-528EFBF21AD3}"
EndProject
Project("{2150E333-8FDC-42A3-9474-1A3956D46DE8}") = "Test", "Test", "{F46A3FE8-263D-4C1D-AF11-9A402B825F8C}"
EndProject
Project("{9A19103F-16F7-4668-BE54-9A1E7A4F7556}") = "TestProject", "Test\TestProject\TestProject.csproj", "{F9847CF6-A846-450C-A8F6-F4566FB2069F}"
EndProject
Project("{2150E333-8FDC-42A3-9474-1A3956D46DE8}") = "BasicFramework", "BasicFramework", "{FDEEAFB5-1774-4445-BFE3-45AF350237F5}"
EndProject
Project("{9A19103F-16F7-4668-BE54-9A1E7A4F7556}") = "Telegram.Bot.Framework.Core", "BasicFramework\Telegram.Bot.Framework.Core\Telegram.Bot.Framework.Core.csproj", "{8E113235-238F-4679-A82B-7113F92CA07F}"
EndProject
Project("{9A19103F-16F7-4668-BE54-9A1E7A4F7556}") = "Telegram.Bot.Framework.Core.Controller", "BasicFramework\Telegram.Bot.Framework.Core.Controller\Telegram.Bot.Framework.Core.Controller.csproj", "{2B21650E-3371-48AA-ABE3-03D27CD411B7}"
EndProject
Project("{FAE04EC0-301F-11D3-BF4B-00C04F79EFBC}") = "Azumo.SuperExtendedFramework", "BasicFramework\Azumo.SuperExtendedFramework\Azumo.SuperExtendedFramework.csproj", "{514B3D03-EE95-43B9-A86F-4F5CCBA1D907}"
EndProject
Project("{FAE04EC0-301F-11D3-BF4B-00C04F79EFBC}") = "Telegram.Bot.Framework", "Telegram.Bot.Framework\Telegram.Bot.Framework.csproj", "{67BA2275-4D1F-4F72-9CDF-5AD3E68FE009}"
EndProject
Global
	GlobalSection(SolutionConfigurationPlatforms) = preSolution
		Debug|Any CPU = Debug|Any CPU
		Release|Any CPU = Release|Any CPU
	EndGlobalSection
	GlobalSection(ProjectConfigurationPlatforms) = postSolution
		{8C481667-BFA8-4A31-994A-54EDA2BF402A}.Debug|Any CPU.ActiveCfg = Debug|Any CPU
		{8C481667-BFA8-4A31-994A-54EDA2BF402A}.Debug|Any CPU.Build.0 = Debug|Any CPU
		{8C481667-BFA8-4A31-994A-54EDA2BF402A}.Release|Any CPU.ActiveCfg = Release|Any CPU
		{8C481667-BFA8-4A31-994A-54EDA2BF402A}.Release|Any CPU.Build.0 = Release|Any CPU
		{F9847CF6-A846-450C-A8F6-F4566FB2069F}.Debug|Any CPU.ActiveCfg = Debug|Any CPU
		{F9847CF6-A846-450C-A8F6-F4566FB2069F}.Debug|Any CPU.Build.0 = Debug|Any CPU
		{F9847CF6-A846-450C-A8F6-F4566FB2069F}.Release|Any CPU.ActiveCfg = Release|Any CPU
		{F9847CF6-A846-450C-A8F6-F4566FB2069F}.Release|Any CPU.Build.0 = Release|Any CPU
		{8E113235-238F-4679-A82B-7113F92CA07F}.Debug|Any CPU.ActiveCfg = Debug|Any CPU
		{8E113235-238F-4679-A82B-7113F92CA07F}.Debug|Any CPU.Build.0 = Debug|Any CPU
		{8E113235-238F-4679-A82B-7113F92CA07F}.Release|Any CPU.ActiveCfg = Release|Any CPU
		{8E113235-238F-4679-A82B-7113F92CA07F}.Release|Any CPU.Build.0 = Release|Any CPU
		{2B21650E-3371-48AA-ABE3-03D27CD411B7}.Debug|Any CPU.ActiveCfg = Debug|Any CPU
		{2B21650E-3371-48AA-ABE3-03D27CD411B7}.Debug|Any CPU.Build.0 = Debug|Any CPU
		{2B21650E-3371-48AA-ABE3-03D27CD411B7}.Release|Any CPU.ActiveCfg = Release|Any CPU
		{2B21650E-3371-48AA-ABE3-03D27CD411B7}.Release|Any CPU.Build.0 = Release|Any CPU
		{514B3D03-EE95-43B9-A86F-4F5CCBA1D907}.Debug|Any CPU.ActiveCfg = Debug|Any CPU
		{514B3D03-EE95-43B9-A86F-4F5CCBA1D907}.Debug|Any CPU.Build.0 = Debug|Any CPU
		{514B3D03-EE95-43B9-A86F-4F5CCBA1D907}.Release|Any CPU.ActiveCfg = Release|Any CPU
		{514B3D03-EE95-43B9-A86F-4F5CCBA1D907}.Release|Any CPU.Build.0 = Release|Any CPU
		{67BA2275-4D1F-4F72-9CDF-5AD3E68FE009}.Debug|Any CPU.ActiveCfg = Debug|Any CPU
		{67BA2275-4D1F-4F72-9CDF-5AD3E68FE009}.Debug|Any CPU.Build.0 = Debug|Any CPU
		{67BA2275-4D1F-4F72-9CDF-5AD3E68FE009}.Release|Any CPU.ActiveCfg = Release|Any CPU
		{67BA2275-4D1F-4F72-9CDF-5AD3E68FE009}.Release|Any CPU.Build.0 = Release|Any CPU
	EndGlobalSection
	GlobalSection(SolutionProperties) = preSolution
		HideSolutionNode = FALSE
	EndGlobalSection
	GlobalSection(NestedProjects) = preSolution
		{8C481667-BFA8-4A31-994A-54EDA2BF402A} = {94B276AC-369D-4462-B4B8-528EFBF21AD3}
		{F9847CF6-A846-450C-A8F6-F4566FB2069F} = {F46A3FE8-263D-4C1D-AF11-9A402B825F8C}
		{8E113235-238F-4679-A82B-7113F92CA07F} = {FDEEAFB5-1774-4445-BFE3-45AF350237F5}
		{2B21650E-3371-48AA-ABE3-03D27CD411B7} = {FDEEAFB5-1774-4445-BFE3-45AF350237F5}
		{514B3D03-EE95-43B9-A86F-4F5CCBA1D907} = {FDEEAFB5-1774-4445-BFE3-45AF350237F5}
	EndGlobalSection
	GlobalSection(ExtensibilityGlobals) = postSolution
		SolutionGuid = {F5DA2A38-6563-4A69-B975-3A1E78D88716}
	EndGlobalSection
EndGlobal
